
Microsoft Visual Studio Solution File, Format Version 12.00
# Visual Studio Version 17
VisualStudioVersion = 17.4.33205.214
MinimumVisualStudioVersion = 10.0.40219.1
Project("{FAE04EC0-301F-11D3-BF4B-00C04F79EFBC}") = "SnakeAndLadder", "SnakeAndLadder\SnakeAndLadder.csproj", "{AFDB7CF4-F369-4026-B4B4-BB458D804B0A}"
EndProject
Global
	GlobalSection(SolutionConfigurationPlatforms) = preSolution
		Debug|Any CPU = Debug|Any CPU
		Release|Any CPU = Release|Any CPU
	EndGlobalSection
	GlobalSection(ProjectConfigurationPlatforms) = postSolution
		{AFDB7CF4-F369-4026-B4B4-BB458D804B0A}.Debug|Any CPU.ActiveCfg = Debug|Any CPU
		{AFDB7CF4-F369-4026-B4B4-BB458D804B0A}.Debug|Any CPU.Build.0 = Debug|Any CPU
		{AFDB7CF4-F369-4026-B4B4-BB458D804B0A}.Release|Any CPU.ActiveCfg = Release|Any CPU
		{AFDB7CF4-F369-4026-B4B4-BB458D804B0A}.Release|Any CPU.Build.0 = Release|Any CPU
	EndGlobalSection
	GlobalSection(SolutionProperties) = preSolution
		HideSolutionNode = FALSE
	EndGlobalSection
	GlobalSection(ExtensibilityGlobals) = postSolution
		SolutionGuid = {3A432510-9B17-4216-84CD-7313CD9A9A24}
	EndGlobalSection
EndGlobal
